
Microsoft Visual Studio Solution File, Format Version 12.00
# Visual Studio 14
VisualStudioVersion = 14.0.23107.0
MinimumVisualStudioVersion = 10.0.40219.1
Project("{E24C65DC-7377-472B-9ABA-BC803B73C61A}") = "Default", "..\..\WebSites\Default\", "{8665B36D-58F3-4C08-A22B-E8A266393C69}"
	ProjectSection(WebsiteProperties) = preProject
		TargetFrameworkMoniker = ".NETFramework,Version%3Dv4.5.2"
		Debug.AspNetCompiler.VirtualPath = "/localhost_7619"
		Debug.AspNetCompiler.PhysicalPath = "..\..\WebSites\Default\"
		Debug.AspNetCompiler.TargetPath = "PrecompiledWeb\localhost_7619\"
		Debug.AspNetCompiler.Updateable = "true"
		Debug.AspNetCompiler.ForceOverwrite = "true"
		Debug.AspNetCompiler.FixedNames = "false"
		Debug.AspNetCompiler.Debug = "True"
		Release.AspNetCompiler.VirtualPath = "/localhost_7619"
		Release.AspNetCompiler.PhysicalPath = "..\..\WebSites\Default\"
		Release.AspNetCompiler.TargetPath = "PrecompiledWeb\localhost_7619\"
		Release.AspNetCompiler.Updateable = "true"
		Release.AspNetCompiler.ForceOverwrite = "true"
		Release.AspNetCompiler.FixedNames = "false"
		Release.AspNetCompiler.Debug = "False"
		VWDPort = "7619"
		SlnRelativePath = "..\..\WebSites\Default\"
		DefaultWebSiteLanguage = "Visual Basic"
	EndProjectSection
EndProject
Global
	GlobalSection(SolutionConfigurationPlatforms) = preSolution
		Debug|Any CPU = Debug|Any CPU
	EndGlobalSection
	GlobalSection(ProjectConfigurationPlatforms) = postSolution
		{8665B36D-58F3-4C08-A22B-E8A266393C69}.Debug|Any CPU.ActiveCfg = Debug|Any CPU
		{8665B36D-58F3-4C08-A22B-E8A266393C69}.Debug|Any CPU.Build.0 = Debug|Any CPU
	EndGlobalSection
	GlobalSection(SolutionProperties) = preSolution
		HideSolutionNode = FALSE
	EndGlobalSection
EndGlobal
